
Microsoft Visual Studio Solution File, Format Version 11.00
# Visual Studio 2010
Project("{FAE04EC0-301F-11D3-BF4B-00C04F79EFBC}") = "BrentEdwards.MVVM", "BrentEdwards.MVVM\BrentEdwards.MVVM.csproj", "{C590ED20-159A-48DF-9D83-1E4E9153DDFE}"
EndProject
Project("{FAE04EC0-301F-11D3-BF4B-00C04F79EFBC}") = "BrentEdwards.MVVM.Test", "BrentEdwards.MVVM.Test\BrentEdwards.MVVM.Test.csproj", "{02D58A37-8F40-4B6B-A4B0-A4C3518D2260}"
EndProject
Project("{2150E333-8FDC-42A3-9474-1A3956D46DE8}") = "Solution Items", "Solution Items", "{E8A0E233-5E4C-45C6-B12D-E2C11B1776E7}"
	ProjectSection(SolutionItems) = preProject
		BrentEdwards.MVVM.vsmdi = BrentEdwards.MVVM.vsmdi
		Local.testsettings = Local.testsettings
		TraceAndTestImpact.testsettings = TraceAndTestImpact.testsettings
	EndProjectSection
EndProject
Global
	GlobalSection(TestCaseManagementSettings) = postSolution
		CategoryFile = BrentEdwards.MVVM.vsmdi
	EndGlobalSection
	GlobalSection(SolutionConfigurationPlatforms) = preSolution
		Debug|Any CPU = Debug|Any CPU
		Release|Any CPU = Release|Any CPU
	EndGlobalSection
	GlobalSection(ProjectConfigurationPlatforms) = postSolution
		{C590ED20-159A-48DF-9D83-1E4E9153DDFE}.Debug|Any CPU.ActiveCfg = Debug|Any CPU
		{C590ED20-159A-48DF-9D83-1E4E9153DDFE}.Debug|Any CPU.Build.0 = Debug|Any CPU
		{C590ED20-159A-48DF-9D83-1E4E9153DDFE}.Release|Any CPU.ActiveCfg = Release|Any CPU
		{C590ED20-159A-48DF-9D83-1E4E9153DDFE}.Release|Any CPU.Build.0 = Release|Any CPU
		{02D58A37-8F40-4B6B-A4B0-A4C3518D2260}.Debug|Any CPU.ActiveCfg = Debug|Any CPU
		{02D58A37-8F40-4B6B-A4B0-A4C3518D2260}.Debug|Any CPU.Build.0 = Debug|Any CPU
		{02D58A37-8F40-4B6B-A4B0-A4C3518D2260}.Release|Any CPU.ActiveCfg = Release|Any CPU
		{02D58A37-8F40-4B6B-A4B0-A4C3518D2260}.Release|Any CPU.Build.0 = Release|Any CPU
	EndGlobalSection
	GlobalSection(SolutionProperties) = preSolution
		HideSolutionNode = FALSE
	EndGlobalSection
EndGlobal
